// !$*UTF8*$!
{
	archiveVersion = 1;
	classes = {
	};
	objectVersion = 50;
	objects = {

/* Begin PBXBuildFile section */
		9E1287F42271E502004B09F6 /* DottedLineView.swift in Sources */ = {isa = PBXBuildFile; fileRef = 9E1287F32271E502004B09F6 /* DottedLineView.swift */; };
		9E1287F82273321A004B09F6 /* MainPageViewController.swift in Sources */ = {isa = PBXBuildFile; fileRef = 9E1287F72273321A004B09F6 /* MainPageViewController.swift */; };
		9E1287FB227365DC004B09F6 /* ModuleCollectionViewCell.swift in Sources */ = {isa = PBXBuildFile; fileRef = 9E1287FA227365DC004B09F6 /* ModuleCollectionViewCell.swift */; };
		9E1288162274B94D004B09F6 /* RecommendTableViewCell.swift in Sources */ = {isa = PBXBuildFile; fileRef = 9E1288142274B94D004B09F6 /* RecommendTableViewCell.swift */; };
		9E1288172274B94D004B09F6 /* RecommendTableViewCell.xib in Resources */ = {isa = PBXBuildFile; fileRef = 9E1288152274B94D004B09F6 /* RecommendTableViewCell.xib */; };
		9E12881B22758E9B004B09F6 /* UserView.swift in Sources */ = {isa = PBXBuildFile; fileRef = 9E12881A22758E9B004B09F6 /* UserView.swift */; };
		9E12881D22758EB4004B09F6 /* UserView.xib in Resources */ = {isa = PBXBuildFile; fileRef = 9E12881C22758EB4004B09F6 /* UserView.xib */; };
		9EC69281226DD8B000C40C01 /* AppDelegate.swift in Sources */ = {isa = PBXBuildFile; fileRef = 9EC69280226DD8B000C40C01 /* AppDelegate.swift */; };
		9EC69286226DD8B000C40C01 /* Main.storyboard in Resources */ = {isa = PBXBuildFile; fileRef = 9EC69284226DD8B000C40C01 /* Main.storyboard */; };
		9EC69288226DD8B200C40C01 /* Assets.xcassets in Resources */ = {isa = PBXBuildFile; fileRef = 9EC69287226DD8B200C40C01 /* Assets.xcassets */; };
		9EC6928B226DD8B200C40C01 /* LaunchScreen.storyboard in Resources */ = {isa = PBXBuildFile; fileRef = 9EC69289226DD8B200C40C01 /* LaunchScreen.storyboard */; };
		9EC69296226DD8B200C40C01 /* KSLifeTests.swift in Sources */ = {isa = PBXBuildFile; fileRef = 9EC69295226DD8B200C40C01 /* KSLifeTests.swift */; };
		9EC692A1226DD8B200C40C01 /* KSLifeUITests.swift in Sources */ = {isa = PBXBuildFile; fileRef = 9EC692A0226DD8B200C40C01 /* KSLifeUITests.swift */; };
		9ED902BD226DF10A0002E3C4 /* MainTabBarController.swift in Sources */ = {isa = PBXBuildFile; fileRef = 9ED902BC226DF10A0002E3C4 /* MainTabBarController.swift */; };
		9ED902C1226DF5DC0002E3C4 /* PersonalInfoViewController.swift in Sources */ = {isa = PBXBuildFile; fileRef = 9ED902C0226DF5DC0002E3C4 /* PersonalInfoViewController.swift */; };
		9ED902C5226DFC850002E3C4 /* ClassExtensions.swift in Sources */ = {isa = PBXBuildFile; fileRef = 9ED902C4226DFC850002E3C4 /* ClassExtensions.swift */; };
		9ED902C7226E3DBE0002E3C4 /* PersonalPageViewController.swift in Sources */ = {isa = PBXBuildFile; fileRef = 9ED902C6226E3DBE0002E3C4 /* PersonalPageViewController.swift */; };
		9ED902C9226E4B9E0002E3C4 /* PersonalRecordViewController.swift in Sources */ = {isa = PBXBuildFile; fileRef = 9ED902C8226E4B9E0002E3C4 /* PersonalRecordViewController.swift */; };
		F096C7247717E26B6ED328D7 /* Pods_KSLife.framework in Frameworks */ = {isa = PBXBuildFile; fileRef = 4ACBEB6D9EA3DD466AD96458 /* Pods_KSLife.framework */; };
/* End PBXBuildFile section */

/* Begin PBXContainerItemProxy section */
		9EC69292226DD8B200C40C01 /* PBXContainerItemProxy */ = {
			isa = PBXContainerItemProxy;
			containerPortal = 9EC69275226DD8B000C40C01 /* Project object */;
			proxyType = 1;
			remoteGlobalIDString = 9EC6927C226DD8B000C40C01;
			remoteInfo = KSLife;
		};
		9EC6929D226DD8B200C40C01 /* PBXContainerItemProxy */ = {
			isa = PBXContainerItemProxy;
			containerPortal = 9EC69275226DD8B000C40C01 /* Project object */;
			proxyType = 1;
			remoteGlobalIDString = 9EC6927C226DD8B000C40C01;
			remoteInfo = KSLife;
		};
/* End PBXContainerItemProxy section */

/* Begin PBXFileReference section */
		4ACBEB6D9EA3DD466AD96458 /* Pods_KSLife.framework */ = {isa = PBXFileReference; explicitFileType = wrapper.framework; includeInIndex = 0; path = Pods_KSLife.framework; sourceTree = BUILT_PRODUCTS_DIR; };
		973C00143E5CAA6DCFC89AC2 /* Pods-KSLife.release.xcconfig */ = {isa = PBXFileReference; includeInIndex = 1; lastKnownFileType = text.xcconfig; name = "Pods-KSLife.release.xcconfig"; path = "Target Support Files/Pods-KSLife/Pods-KSLife.release.xcconfig"; sourceTree = "<group>"; };
		9E1287F32271E502004B09F6 /* DottedLineView.swift */ = {isa = PBXFileReference; lastKnownFileType = sourcecode.swift; path = DottedLineView.swift; sourceTree = "<group>"; };
		9E1287F72273321A004B09F6 /* MainPageViewController.swift */ = {isa = PBXFileReference; lastKnownFileType = sourcecode.swift; path = MainPageViewController.swift; sourceTree = "<group>"; };
		9E1287FA227365DC004B09F6 /* ModuleCollectionViewCell.swift */ = {isa = PBXFileReference; lastKnownFileType = sourcecode.swift; path = ModuleCollectionViewCell.swift; sourceTree = "<group>"; };
		9E1288142274B94D004B09F6 /* RecommendTableViewCell.swift */ = {isa = PBXFileReference; lastKnownFileType = sourcecode.swift; path = RecommendTableViewCell.swift; sourceTree = "<group>"; };
		9E1288152274B94D004B09F6 /* RecommendTableViewCell.xib */ = {isa = PBXFileReference; lastKnownFileType = file.xib; path = RecommendTableViewCell.xib; sourceTree = "<group>"; };
		9E12881A22758E9B004B09F6 /* UserView.swift */ = {isa = PBXFileReference; lastKnownFileType = sourcecode.swift; path = UserView.swift; sourceTree = "<group>"; };
		9E12881C22758EB4004B09F6 /* UserView.xib */ = {isa = PBXFileReference; lastKnownFileType = file.xib; path = UserView.xib; sourceTree = "<group>"; };
		9EC6927D226DD8B000C40C01 /* KSLife.app */ = {isa = PBXFileReference; explicitFileType = wrapper.application; includeInIndex = 0; path = KSLife.app; sourceTree = BUILT_PRODUCTS_DIR; };
		9EC69280226DD8B000C40C01 /* AppDelegate.swift */ = {isa = PBXFileReference; lastKnownFileType = sourcecode.swift; path = AppDelegate.swift; sourceTree = "<group>"; };
		9EC69285226DD8B000C40C01 /* Base */ = {isa = PBXFileReference; lastKnownFileType = file.storyboard; name = Base; path = Base.lproj/Main.storyboard; sourceTree = "<group>"; };
		9EC69287226DD8B200C40C01 /* Assets.xcassets */ = {isa = PBXFileReference; lastKnownFileType = folder.assetcatalog; path = Assets.xcassets; sourceTree = "<group>"; };
		9EC6928A226DD8B200C40C01 /* Base */ = {isa = PBXFileReference; lastKnownFileType = file.storyboard; name = Base; path = Base.lproj/LaunchScreen.storyboard; sourceTree = "<group>"; };
		9EC6928C226DD8B200C40C01 /* Info.plist */ = {isa = PBXFileReference; lastKnownFileType = text.plist.xml; path = Info.plist; sourceTree = "<group>"; };
		9EC69291226DD8B200C40C01 /* KSLifeTests.xctest */ = {isa = PBXFileReference; explicitFileType = wrapper.cfbundle; includeInIndex = 0; path = KSLifeTests.xctest; sourceTree = BUILT_PRODUCTS_DIR; };
		9EC69295226DD8B200C40C01 /* KSLifeTests.swift */ = {isa = PBXFileReference; lastKnownFileType = sourcecode.swift; path = KSLifeTests.swift; sourceTree = "<group>"; };
		9EC69297226DD8B200C40C01 /* Info.plist */ = {isa = PBXFileReference; lastKnownFileType = text.plist.xml; path = Info.plist; sourceTree = "<group>"; };
		9EC6929C226DD8B200C40C01 /* KSLifeUITests.xctest */ = {isa = PBXFileReference; explicitFileType = wrapper.cfbundle; includeInIndex = 0; path = KSLifeUITests.xctest; sourceTree = BUILT_PRODUCTS_DIR; };
		9EC692A0226DD8B200C40C01 /* KSLifeUITests.swift */ = {isa = PBXFileReference; lastKnownFileType = sourcecode.swift; path = KSLifeUITests.swift; sourceTree = "<group>"; };
		9EC692A2226DD8B200C40C01 /* Info.plist */ = {isa = PBXFileReference; lastKnownFileType = text.plist.xml; path = Info.plist; sourceTree = "<group>"; };
		9ED902BC226DF10A0002E3C4 /* MainTabBarController.swift */ = {isa = PBXFileReference; lastKnownFileType = sourcecode.swift; path = MainTabBarController.swift; sourceTree = "<group>"; };
		9ED902C0226DF5DC0002E3C4 /* PersonalInfoViewController.swift */ = {isa = PBXFileReference; lastKnownFileType = sourcecode.swift; path = PersonalInfoViewController.swift; sourceTree = "<group>"; };
		9ED902C4226DFC850002E3C4 /* ClassExtensions.swift */ = {isa = PBXFileReference; lastKnownFileType = sourcecode.swift; path = ClassExtensions.swift; sourceTree = "<group>"; };
		9ED902C6226E3DBE0002E3C4 /* PersonalPageViewController.swift */ = {isa = PBXFileReference; lastKnownFileType = sourcecode.swift; path = PersonalPageViewController.swift; sourceTree = "<group>"; };
		9ED902C8226E4B9E0002E3C4 /* PersonalRecordViewController.swift */ = {isa = PBXFileReference; lastKnownFileType = sourcecode.swift; path = PersonalRecordViewController.swift; sourceTree = "<group>"; };
		B0DDD76CA0499FCD2756DCDB /* Pods-KSLife.debug.xcconfig */ = {isa = PBXFileReference; includeInIndex = 1; lastKnownFileType = text.xcconfig; name = "Pods-KSLife.debug.xcconfig"; path = "Target Support Files/Pods-KSLife/Pods-KSLife.debug.xcconfig"; sourceTree = "<group>"; };
/* End PBXFileReference section */

/* Begin PBXFrameworksBuildPhase section */
		9EC6927A226DD8B000C40C01 /* Frameworks */ = {
			isa = PBXFrameworksBuildPhase;
			buildActionMask = 2147483647;
			files = (
				F096C7247717E26B6ED328D7 /* Pods_KSLife.framework in Frameworks */,
			);
			runOnlyForDeploymentPostprocessing = 0;
		};
		9EC6928E226DD8B200C40C01 /* Frameworks */ = {
			isa = PBXFrameworksBuildPhase;
			buildActionMask = 2147483647;
			files = (
			);
			runOnlyForDeploymentPostprocessing = 0;
		};
		9EC69299226DD8B200C40C01 /* Frameworks */ = {
			isa = PBXFrameworksBuildPhase;
			buildActionMask = 2147483647;
			files = (
			);
			runOnlyForDeploymentPostprocessing = 0;
		};
/* End PBXFrameworksBuildPhase section */

/* Begin PBXGroup section */
		9E1287F12271E0DE004B09F6 /* Shared */ = {
			isa = PBXGroup;
			children = (
				9ED902C4226DFC850002E3C4 /* ClassExtensions.swift */,
			);
			path = Shared;
			sourceTree = "<group>";
		};
		9E1287F22271E4E9004B09F6 /* View */ = {
			isa = PBXGroup;
			children = (
				9E1287F32271E502004B09F6 /* DottedLineView.swift */,
			);
			path = View;
			sourceTree = "<group>";
		};
		9E1287F5227331C0004B09F6 /* MainPage */ = {
			isa = PBXGroup;
			children = (
				9E1287F9227365CA004B09F6 /* View */,
				9E1287F6227331D3004B09F6 /* Controller */,
			);
			path = MainPage;
			sourceTree = "<group>";
		};
		9E1287F6227331D3004B09F6 /* Controller */ = {
			isa = PBXGroup;
			children = (
				9E1287F72273321A004B09F6 /* MainPageViewController.swift */,
			);
			path = Controller;
			sourceTree = "<group>";
		};
		9E1287F9227365CA004B09F6 /* View */ = {
			isa = PBXGroup;
			children = (
				9E1287FA227365DC004B09F6 /* ModuleCollectionViewCell.swift */,
				9E1288142274B94D004B09F6 /* RecommendTableViewCell.swift */,
				9E1288152274B94D004B09F6 /* RecommendTableViewCell.xib */,
				9E12881A22758E9B004B09F6 /* UserView.swift */,
				9E12881C22758EB4004B09F6 /* UserView.xib */,
			);
			path = View;
			sourceTree = "<group>";
		};
		9EC69274226DD8B000C40C01 = {
			isa = PBXGroup;
			children = (
				9EC6927F226DD8B000C40C01 /* KSLife */,
				9EC69294226DD8B200C40C01 /* KSLifeTests */,
				9EC6929F226DD8B200C40C01 /* KSLifeUITests */,
				9EC6927E226DD8B000C40C01 /* Products */,
				DB25206EB6B1C62080FEBA11 /* Pods */,
				F85E6336ED1B0C138E3B9A12 /* Frameworks */,
			);
			sourceTree = "<group>";
		};
		9EC6927E226DD8B000C40C01 /* Products */ = {
			isa = PBXGroup;
			children = (
				9EC6927D226DD8B000C40C01 /* KSLife.app */,
				9EC69291226DD8B200C40C01 /* KSLifeTests.xctest */,
				9EC6929C226DD8B200C40C01 /* KSLifeUITests.xctest */,
			);
			name = Products;
			sourceTree = "<group>";
		};
		9EC6927F226DD8B000C40C01 /* KSLife */ = {
			isa = PBXGroup;
			children = (
				9E1287F5227331C0004B09F6 /* MainPage */,
				9E1287F12271E0DE004B09F6 /* Shared */,
				9ED902C2226DFC5B0002E3C4 /* main */,
				9ED902BE226DF5B50002E3C4 /* User */,
				9EC69284226DD8B000C40C01 /* Main.storyboard */,
				9EC69287226DD8B200C40C01 /* Assets.xcassets */,
				9EC69289226DD8B200C40C01 /* LaunchScreen.storyboard */,
				9EC6928C226DD8B200C40C01 /* Info.plist */,
			);
			path = KSLife;
			sourceTree = "<group>";
		};
		9EC69294226DD8B200C40C01 /* KSLifeTests */ = {
			isa = PBXGroup;
			children = (
				9EC69295226DD8B200C40C01 /* KSLifeTests.swift */,
				9EC69297226DD8B200C40C01 /* Info.plist */,
			);
			path = KSLifeTests;
			sourceTree = "<group>";
		};
		9EC6929F226DD8B200C40C01 /* KSLifeUITests */ = {
			isa = PBXGroup;
			children = (
				9EC692A0226DD8B200C40C01 /* KSLifeUITests.swift */,
				9EC692A2226DD8B200C40C01 /* Info.plist */,
			);
			path = KSLifeUITests;
			sourceTree = "<group>";
		};
		9ED902BE226DF5B50002E3C4 /* User */ = {
			isa = PBXGroup;
			children = (
				9E1287F22271E4E9004B09F6 /* View */,
				9ED902BF226DF5CF0002E3C4 /* Controller */,
			);
			path = User;
			sourceTree = "<group>";
		};
		9ED902BF226DF5CF0002E3C4 /* Controller */ = {
			isa = PBXGroup;
			children = (
				9ED902C0226DF5DC0002E3C4 /* PersonalInfoViewController.swift */,
				9ED902C6226E3DBE0002E3C4 /* PersonalPageViewController.swift */,
				9ED902C8226E4B9E0002E3C4 /* PersonalRecordViewController.swift */,
			);
			path = Controller;
			sourceTree = "<group>";
		};
		9ED902C2226DFC5B0002E3C4 /* main */ = {
			isa = PBXGroup;
			children = (
				9EC69280226DD8B000C40C01 /* AppDelegate.swift */,
				9ED902BC226DF10A0002E3C4 /* MainTabBarController.swift */,
			);
			path = main;
			sourceTree = "<group>";
		};
		DB25206EB6B1C62080FEBA11 /* Pods */ = {
			isa = PBXGroup;
			children = (
				B0DDD76CA0499FCD2756DCDB /* Pods-KSLife.debug.xcconfig */,
				973C00143E5CAA6DCFC89AC2 /* Pods-KSLife.release.xcconfig */,
			);
			path = Pods;
			sourceTree = "<group>";
		};
		F85E6336ED1B0C138E3B9A12 /* Frameworks */ = {
			isa = PBXGroup;
			children = (
				4ACBEB6D9EA3DD466AD96458 /* Pods_KSLife.framework */,
			);
			name = Frameworks;
			sourceTree = "<group>";
		};
/* End PBXGroup section */

/* Begin PBXNativeTarget section */
		9EC6927C226DD8B000C40C01 /* KSLife */ = {
			isa = PBXNativeTarget;
			buildConfigurationList = 9EC692A5226DD8B200C40C01 /* Build configuration list for PBXNativeTarget "KSLife" */;
			buildPhases = (
				0431EBB2AA889AE2AD087EC0 /* [CP] Check Pods Manifest.lock */,
				9EC69279226DD8B000C40C01 /* Sources */,
				9EC6927A226DD8B000C40C01 /* Frameworks */,
				9EC6927B226DD8B000C40C01 /* Resources */,
				9FEC9FC101622A8188159E5E /* [CP] Embed Pods Frameworks */,
			);
			buildRules = (
			);
			dependencies = (
			);
			name = KSLife;
			productName = KSLife;
			productReference = 9EC6927D226DD8B000C40C01 /* KSLife.app */;
			productType = "com.apple.product-type.application";
		};
		9EC69290226DD8B200C40C01 /* KSLifeTests */ = {
			isa = PBXNativeTarget;
			buildConfigurationList = 9EC692A8226DD8B200C40C01 /* Build configuration list for PBXNativeTarget "KSLifeTests" */;
			buildPhases = (
				9EC6928D226DD8B200C40C01 /* Sources */,
				9EC6928E226DD8B200C40C01 /* Frameworks */,
				9EC6928F226DD8B200C40C01 /* Resources */,
			);
			buildRules = (
			);
			dependencies = (
				9EC69293226DD8B200C40C01 /* PBXTargetDependency */,
			);
			name = KSLifeTests;
			productName = KSLifeTests;
			productReference = 9EC69291226DD8B200C40C01 /* KSLifeTests.xctest */;
			productType = "com.apple.product-type.bundle.unit-test";
		};
		9EC6929B226DD8B200C40C01 /* KSLifeUITests */ = {
			isa = PBXNativeTarget;
			buildConfigurationList = 9EC692AB226DD8B200C40C01 /* Build configuration list for PBXNativeTarget "KSLifeUITests" */;
			buildPhases = (
				9EC69298226DD8B200C40C01 /* Sources */,
				9EC69299226DD8B200C40C01 /* Frameworks */,
				9EC6929A226DD8B200C40C01 /* Resources */,
			);
			buildRules = (
			);
			dependencies = (
				9EC6929E226DD8B200C40C01 /* PBXTargetDependency */,
			);
			name = KSLifeUITests;
			productName = KSLifeUITests;
			productReference = 9EC6929C226DD8B200C40C01 /* KSLifeUITests.xctest */;
			productType = "com.apple.product-type.bundle.ui-testing";
		};
/* End PBXNativeTarget section */

/* Begin PBXProject section */
		9EC69275226DD8B000C40C01 /* Project object */ = {
			isa = PBXProject;
			attributes = {
				LastSwiftUpdateCheck = 1020;
				LastUpgradeCheck = 1020;
				ORGANIZATIONNAME = cn.edu.twt;
				TargetAttributes = {
					9EC6927C226DD8B000C40C01 = {
						CreatedOnToolsVersion = 10.2.1;
					};
					9EC69290226DD8B200C40C01 = {
						CreatedOnToolsVersion = 10.2.1;
						TestTargetID = 9EC6927C226DD8B000C40C01;
					};
					9EC6929B226DD8B200C40C01 = {
						CreatedOnToolsVersion = 10.2.1;
						TestTargetID = 9EC6927C226DD8B000C40C01;
					};
				};
			};
			buildConfigurationList = 9EC69278226DD8B000C40C01 /* Build configuration list for PBXProject "KSLife" */;
			compatibilityVersion = "Xcode 9.3";
			developmentRegion = en;
			hasScannedForEncodings = 0;
			knownRegions = (
				en,
				Base,
			);
			mainGroup = 9EC69274226DD8B000C40C01;
			productRefGroup = 9EC6927E226DD8B000C40C01 /* Products */;
			projectDirPath = "";
			projectRoot = "";
			targets = (
				9EC6927C226DD8B000C40C01 /* KSLife */,
				9EC69290226DD8B200C40C01 /* KSLifeTests */,
				9EC6929B226DD8B200C40C01 /* KSLifeUITests */,
			);
		};
/* End PBXProject section */

/* Begin PBXResourcesBuildPhase section */
		9EC6927B226DD8B000C40C01 /* Resources */ = {
			isa = PBXResourcesBuildPhase;
			buildActionMask = 2147483647;
			files = (
				9EC6928B226DD8B200C40C01 /* LaunchScreen.storyboard in Resources */,
				9E1288172274B94D004B09F6 /* RecommendTableViewCell.xib in Resources */,
				9EC69288226DD8B200C40C01 /* Assets.xcassets in Resources */,
				9EC69286226DD8B000C40C01 /* Main.storyboard in Resources */,
				9E12881D22758EB4004B09F6 /* UserView.xib in Resources */,
			);
			runOnlyForDeploymentPostprocessing = 0;
		};
		9EC6928F226DD8B200C40C01 /* Resources */ = {
			isa = PBXResourcesBuildPhase;
			buildActionMask = 2147483647;
			files = (
			);
			runOnlyForDeploymentPostprocessing = 0;
		};
		9EC6929A226DD8B200C40C01 /* Resources */ = {
			isa = PBXResourcesBuildPhase;
			buildActionMask = 2147483647;
			files = (
			);
			runOnlyForDeploymentPostprocessing = 0;
		};
/* End PBXResourcesBuildPhase section */

/* Begin PBXShellScriptBuildPhase section */
		0431EBB2AA889AE2AD087EC0 /* [CP] Check Pods Manifest.lock */ = {
			isa = PBXShellScriptBuildPhase;
			buildActionMask = 2147483647;
			files = (
			);
			inputFileListPaths = (
			);
			inputPaths = (
				"${PODS_PODFILE_DIR_PATH}/Podfile.lock",
				"${PODS_ROOT}/Manifest.lock",
			);
			name = "[CP] Check Pods Manifest.lock";
			outputFileListPaths = (
			);
			outputPaths = (
				"$(DERIVED_FILE_DIR)/Pods-KSLife-checkManifestLockResult.txt",
			);
			runOnlyForDeploymentPostprocessing = 0;
			shellPath = /bin/sh;
			shellScript = "diff \"${PODS_PODFILE_DIR_PATH}/Podfile.lock\" \"${PODS_ROOT}/Manifest.lock\" > /dev/null\nif [ $? != 0 ] ; then\n    # print error to STDERR\n    echo \"error: The sandbox is not in sync with the Podfile.lock. Run 'pod install' or update your CocoaPods installation.\" >&2\n    exit 1\nfi\n# This output is used by Xcode 'outputs' to avoid re-running this script phase.\necho \"SUCCESS\" > \"${SCRIPT_OUTPUT_FILE_0}\"\n";
			showEnvVarsInLog = 0;
		};
		9FEC9FC101622A8188159E5E /* [CP] Embed Pods Frameworks */ = {
			isa = PBXShellScriptBuildPhase;
			buildActionMask = 2147483647;
			files = (
			);
			inputFileListPaths = (
			);
			inputPaths = (
				"${PODS_ROOT}/Target Support Files/Pods-KSLife/Pods-KSLife-frameworks.sh",
				"${BUILT_PRODUCTS_DIR}/Alamofire/Alamofire.framework",
				"${BUILT_PRODUCTS_DIR}/Charts/Charts.framework",
				"${BUILT_PRODUCTS_DIR}/MJRefresh/MJRefresh.framework",
				"${BUILT_PRODUCTS_DIR}/SDWebImage/SDWebImage.framework",
				"${BUILT_PRODUCTS_DIR}/SnapKit/SnapKit.framework",
			);
			name = "[CP] Embed Pods Frameworks";
			outputFileListPaths = (
			);
			outputPaths = (
				"${TARGET_BUILD_DIR}/${FRAMEWORKS_FOLDER_PATH}/Alamofire.framework",
				"${TARGET_BUILD_DIR}/${FRAMEWORKS_FOLDER_PATH}/Charts.framework",
				"${TARGET_BUILD_DIR}/${FRAMEWORKS_FOLDER_PATH}/MJRefresh.framework",
				"${TARGET_BUILD_DIR}/${FRAMEWORKS_FOLDER_PATH}/SDWebImage.framework",
				"${TARGET_BUILD_DIR}/${FRAMEWORKS_FOLDER_PATH}/SnapKit.framework",
			);
			runOnlyForDeploymentPostprocessing = 0;
			shellPath = /bin/sh;
			shellScript = "\"${PODS_ROOT}/Target Support Files/Pods-KSLife/Pods-KSLife-frameworks.sh\"\n";
			showEnvVarsInLog = 0;
		};
/* End PBXShellScriptBuildPhase section */

/* Begin PBXSourcesBuildPhase section */
		9EC69279226DD8B000C40C01 /* Sources */ = {
			isa = PBXSourcesBuildPhase;
			buildActionMask = 2147483647;
			files = (
				9E12881B22758E9B004B09F6 /* UserView.swift in Sources */,
				9E1287F82273321A004B09F6 /* MainPageViewController.swift in Sources */,
				9ED902C5226DFC850002E3C4 /* ClassExtensions.swift in Sources */,
				9E1287F42271E502004B09F6 /* DottedLineView.swift in Sources */,
				9ED902C9226E4B9E0002E3C4 /* PersonalRecordViewController.swift in Sources */,
				9E1288162274B94D004B09F6 /* RecommendTableViewCell.swift in Sources */,
				9ED902C1226DF5DC0002E3C4 /* PersonalInfoViewController.swift in Sources */,
				9E1287FB227365DC004B09F6 /* ModuleCollectionViewCell.swift in Sources */,
				9ED902BD226DF10A0002E3C4 /* MainTabBarController.swift in Sources */,
				9ED902C7226E3DBE0002E3C4 /* PersonalPageViewController.swift in Sources */,
				9EC69281226DD8B000C40C01 /* AppDelegate.swift in Sources */,
			);
			runOnlyForDeploymentPostprocessing = 0;
		};
		9EC6928D226DD8B200C40C01 /* Sources */ = {
			isa = PBXSourcesBuildPhase;
			buildActionMask = 2147483647;
			files = (
				9EC69296226DD8B200C40C01 /* KSLifeTests.swift in Sources */,
			);
			runOnlyForDeploymentPostprocessing = 0;
		};
		9EC69298226DD8B200C40C01 /* Sources */ = {
			isa = PBXSourcesBuildPhase;
			buildActionMask = 2147483647;
			files = (
				9EC692A1226DD8B200C40C01 /* KSLifeUITests.swift in Sources */,
			);
			runOnlyForDeploymentPostprocessing = 0;
		};
/* End PBXSourcesBuildPhase section */

/* Begin PBXTargetDependency section */
		9EC69293226DD8B200C40C01 /* PBXTargetDependency */ = {
			isa = PBXTargetDependency;
			target = 9EC6927C226DD8B000C40C01 /* KSLife */;
			targetProxy = 9EC69292226DD8B200C40C01 /* PBXContainerItemProxy */;
		};
		9EC6929E226DD8B200C40C01 /* PBXTargetDependency */ = {
			isa = PBXTargetDependency;
			target = 9EC6927C226DD8B000C40C01 /* KSLife */;
			targetProxy = 9EC6929D226DD8B200C40C01 /* PBXContainerItemProxy */;
		};
/* End PBXTargetDependency section */

/* Begin PBXVariantGroup section */
		9EC69284226DD8B000C40C01 /* Main.storyboard */ = {
			isa = PBXVariantGroup;
			children = (
				9EC69285226DD8B000C40C01 /* Base */,
			);
			name = Main.storyboard;
			sourceTree = "<group>";
		};
		9EC69289226DD8B200C40C01 /* LaunchScreen.storyboard */ = {
			isa = PBXVariantGroup;
			children = (
				9EC6928A226DD8B200C40C01 /* Base */,
			);
			name = LaunchScreen.storyboard;
			sourceTree = "<group>";
		};
/* End PBXVariantGroup section */

/* Begin XCBuildConfiguration section */
		9EC692A3226DD8B200C40C01 /* Debug */ = {
			isa = XCBuildConfiguration;
			buildSettings = {
				ALWAYS_SEARCH_USER_PATHS = NO;
				CLANG_ANALYZER_NONNULL = YES;
				CLANG_ANALYZER_NUMBER_OBJECT_CONVERSION = YES_AGGRESSIVE;
				CLANG_CXX_LANGUAGE_STANDARD = "gnu++14";
				CLANG_CXX_LIBRARY = "libc++";
				CLANG_ENABLE_MODULES = YES;
				CLANG_ENABLE_OBJC_ARC = YES;
				CLANG_ENABLE_OBJC_WEAK = YES;
				CLANG_WARN_BLOCK_CAPTURE_AUTORELEASING = YES;
				CLANG_WARN_BOOL_CONVERSION = YES;
				CLANG_WARN_COMMA = YES;
				CLANG_WARN_CONSTANT_CONVERSION = YES;
				CLANG_WARN_DEPRECATED_OBJC_IMPLEMENTATIONS = YES;
				CLANG_WARN_DIRECT_OBJC_ISA_USAGE = YES_ERROR;
				CLANG_WARN_DOCUMENTATION_COMMENTS = YES;
				CLANG_WARN_EMPTY_BODY = YES;
				CLANG_WARN_ENUM_CONVERSION = YES;
				CLANG_WARN_INFINITE_RECURSION = YES;
				CLANG_WARN_INT_CONVERSION = YES;
				CLANG_WARN_NON_LITERAL_NULL_CONVERSION = YES;
				CLANG_WARN_OBJC_IMPLICIT_RETAIN_SELF = YES;
				CLANG_WARN_OBJC_LITERAL_CONVERSION = YES;
				CLANG_WARN_OBJC_ROOT_CLASS = YES_ERROR;
				CLANG_WARN_RANGE_LOOP_ANALYSIS = YES;
				CLANG_WARN_STRICT_PROTOTYPES = YES;
				CLANG_WARN_SUSPICIOUS_MOVE = YES;
				CLANG_WARN_UNGUARDED_AVAILABILITY = YES_AGGRESSIVE;
				CLANG_WARN_UNREACHABLE_CODE = YES;
				CLANG_WARN__DUPLICATE_METHOD_MATCH = YES;
				CODE_SIGN_IDENTITY = "iPhone Developer";
				COPY_PHASE_STRIP = NO;
				DEBUG_INFORMATION_FORMAT = dwarf;
				ENABLE_STRICT_OBJC_MSGSEND = YES;
				ENABLE_TESTABILITY = YES;
				GCC_C_LANGUAGE_STANDARD = gnu11;
				GCC_DYNAMIC_NO_PIC = NO;
				GCC_NO_COMMON_BLOCKS = YES;
				GCC_OPTIMIZATION_LEVEL = 0;
				GCC_PREPROCESSOR_DEFINITIONS = (
					"DEBUG=1",
					"$(inherited)",
				);
				GCC_WARN_64_TO_32_BIT_CONVERSION = YES;
				GCC_WARN_ABOUT_RETURN_TYPE = YES_ERROR;
				GCC_WARN_UNDECLARED_SELECTOR = YES;
				GCC_WARN_UNINITIALIZED_AUTOS = YES_AGGRESSIVE;
				GCC_WARN_UNUSED_FUNCTION = YES;
				GCC_WARN_UNUSED_VARIABLE = YES;
				IPHONEOS_DEPLOYMENT_TARGET = 12.2;
				MTL_ENABLE_DEBUG_INFO = INCLUDE_SOURCE;
				MTL_FAST_MATH = YES;
				ONLY_ACTIVE_ARCH = YES;
				SDKROOT = iphoneos;
				SWIFT_ACTIVE_COMPILATION_CONDITIONS = DEBUG;
				SWIFT_OPTIMIZATION_LEVEL = "-Onone";
			};
			name = Debug;
		};
		9EC692A4226DD8B200C40C01 /* Release */ = {
			isa = XCBuildConfiguration;
			buildSettings = {
				ALWAYS_SEARCH_USER_PATHS = NO;
				CLANG_ANALYZER_NONNULL = YES;
				CLANG_ANALYZER_NUMBER_OBJECT_CONVERSION = YES_AGGRESSIVE;
				CLANG_CXX_LANGUAGE_STANDARD = "gnu++14";
				CLANG_CXX_LIBRARY = "libc++";
				CLANG_ENABLE_MODULES = YES;
				CLANG_ENABLE_OBJC_ARC = YES;
				CLANG_ENABLE_OBJC_WEAK = YES;
				CLANG_WARN_BLOCK_CAPTURE_AUTORELEASING = YES;
				CLANG_WARN_BOOL_CONVERSION = YES;
				CLANG_WARN_COMMA = YES;
				CLANG_WARN_CONSTANT_CONVERSION = YES;
				CLANG_WARN_DEPRECATED_OBJC_IMPLEMENTATIONS = YES;
				CLANG_WARN_DIRECT_OBJC_ISA_USAGE = YES_ERROR;
				CLANG_WARN_DOCUMENTATION_COMMENTS = YES;
				CLANG_WARN_EMPTY_BODY = YES;
				CLANG_WARN_ENUM_CONVERSION = YES;
				CLANG_WARN_INFINITE_RECURSION = YES;
				CLANG_WARN_INT_CONVERSION = YES;
				CLANG_WARN_NON_LITERAL_NULL_CONVERSION = YES;
				CLANG_WARN_OBJC_IMPLICIT_RETAIN_SELF = YES;
				CLANG_WARN_OBJC_LITERAL_CONVERSION = YES;
				CLANG_WARN_OBJC_ROOT_CLASS = YES_ERROR;
				CLANG_WARN_RANGE_LOOP_ANALYSIS = YES;
				CLANG_WARN_STRICT_PROTOTYPES = YES;
				CLANG_WARN_SUSPICIOUS_MOVE = YES;
				CLANG_WARN_UNGUARDED_AVAILABILITY = YES_AGGRESSIVE;
				CLANG_WARN_UNREACHABLE_CODE = YES;
				CLANG_WARN__DUPLICATE_METHOD_MATCH = YES;
				CODE_SIGN_IDENTITY = "iPhone Developer";
				COPY_PHASE_STRIP = NO;
				DEBUG_INFORMATION_FORMAT = "dwarf-with-dsym";
				ENABLE_NS_ASSERTIONS = NO;
				ENABLE_STRICT_OBJC_MSGSEND = YES;
				GCC_C_LANGUAGE_STANDARD = gnu11;
				GCC_NO_COMMON_BLOCKS = YES;
				GCC_WARN_64_TO_32_BIT_CONVERSION = YES;
				GCC_WARN_ABOUT_RETURN_TYPE = YES_ERROR;
				GCC_WARN_UNDECLARED_SELECTOR = YES;
				GCC_WARN_UNINITIALIZED_AUTOS = YES_AGGRESSIVE;
				GCC_WARN_UNUSED_FUNCTION = YES;
				GCC_WARN_UNUSED_VARIABLE = YES;
				IPHONEOS_DEPLOYMENT_TARGET = 12.2;
				MTL_ENABLE_DEBUG_INFO = NO;
				MTL_FAST_MATH = YES;
				SDKROOT = iphoneos;
				SWIFT_COMPILATION_MODE = wholemodule;
				SWIFT_OPTIMIZATION_LEVEL = "-O";
				VALIDATE_PRODUCT = YES;
			};
			name = Release;
		};
		9EC692A6226DD8B200C40C01 /* Debug */ = {
			isa = XCBuildConfiguration;
			baseConfigurationReference = B0DDD76CA0499FCD2756DCDB /* Pods-KSLife.debug.xcconfig */;
			buildSettings = {
				ASSETCATALOG_COMPILER_APPICON_NAME = AppIcon;
				CODE_SIGN_STYLE = Automatic;
				DEVELOPMENT_TEAM = TYRRVX7RWJ;
				INFOPLIST_FILE = KSLife/Info.plist;
				LD_RUNPATH_SEARCH_PATHS = (
					"$(inherited)",
					"@executable_path/Frameworks",
				);
				PRODUCT_BUNDLE_IDENTIFIER = cn.edu.twt.KSLife;
				PRODUCT_NAME = "$(TARGET_NAME)";
				SWIFT_VERSION = 5.0;
				TARGETED_DEVICE_FAMILY = "1,2";
			};
			name = Debug;
		};
		9EC692A7226DD8B200C40C01 /* Release */ = {
			isa = XCBuildConfiguration;
			baseConfigurationReference = 973C00143E5CAA6DCFC89AC2 /* Pods-KSLife.release.xcconfig */;
			buildSettings = {
				ASSETCATALOG_COMPILER_APPICON_NAME = AppIcon;
				CODE_SIGN_STYLE = Automatic;
				DEVELOPMENT_TEAM = TYRRVX7RWJ;
				INFOPLIST_FILE = KSLife/Info.plist;
				LD_RUNPATH_SEARCH_PATHS = (
					"$(inherited)",
					"@executable_path/Frameworks",
				);
				PRODUCT_BUNDLE_IDENTIFIER = cn.edu.twt.KSLife;
				PRODUCT_NAME = "$(TARGET_NAME)";
				SWIFT_VERSION = 5.0;
				TARGETED_DEVICE_FAMILY = "1,2";
			};
			name = Release;
		};
		9EC692A9226DD8B200C40C01 /* Debug */ = {
			isa = XCBuildConfiguration;
			buildSettings = {
				ALWAYS_EMBED_SWIFT_STANDARD_LIBRARIES = YES;
				BUNDLE_LOADER = "$(TEST_HOST)";
				CODE_SIGN_STYLE = Automatic;
				DEVELOPMENT_TEAM = TYRRVX7RWJ;
				INFOPLIST_FILE = KSLifeTests/Info.plist;
				LD_RUNPATH_SEARCH_PATHS = (
					"$(inherited)",
					"@executable_path/Frameworks",
					"@loader_path/Frameworks",
				);
				PRODUCT_BUNDLE_IDENTIFIER = cn.edu.twt.KSLifeTests;
				PRODUCT_NAME = "$(TARGET_NAME)";
				SWIFT_VERSION = 5.0;
				TARGETED_DEVICE_FAMILY = "1,2";
				TEST_HOST = "$(BUILT_PRODUCTS_DIR)/KSLife.app/KSLife";
			};
			name = Debug;
		};
		9EC692AA226DD8B200C40C01 /* Release */ = {
			isa = XCBuildConfiguration;
			buildSettings = {
				ALWAYS_EMBED_SWIFT_STANDARD_LIBRARIES = YES;
				BUNDLE_LOADER = "$(TEST_HOST)";
				CODE_SIGN_STYLE = Automatic;
				DEVELOPMENT_TEAM = TYRRVX7RWJ;
				INFOPLIST_FILE = KSLifeTests/Info.plist;
				LD_RUNPATH_SEARCH_PATHS = (
					"$(inherited)",
					"@executable_path/Frameworks",
					"@loader_path/Frameworks",
				);
				PRODUCT_BUNDLE_IDENTIFIER = cn.edu.twt.KSLifeTests;
				PRODUCT_NAME = "$(TARGET_NAME)";
				SWIFT_VERSION = 5.0;
				TARGETED_DEVICE_FAMILY = "1,2";
				TEST_HOST = "$(BUILT_PRODUCTS_DIR)/KSLife.app/KSLife";
			};
			name = Release;
		};
		9EC692AC226DD8B200C40C01 /* Debug */ = {
			isa = XCBuildConfiguration;
			buildSettings = {
				ALWAYS_EMBED_SWIFT_STANDARD_LIBRARIES = YES;
				CODE_SIGN_STYLE = Automatic;
				DEVELOPMENT_TEAM = TYRRVX7RWJ;
				INFOPLIST_FILE = KSLifeUITests/Info.plist;
				LD_RUNPATH_SEARCH_PATHS = (
					"$(inherited)",
					"@executable_path/Frameworks",
					"@loader_path/Frameworks",
				);
				PRODUCT_BUNDLE_IDENTIFIER = cn.edu.twt.KSLifeUITests;
				PRODUCT_NAME = "$(TARGET_NAME)";
				SWIFT_VERSION = 5.0;
				TARGETED_DEVICE_FAMILY = "1,2";
				TEST_TARGET_NAME = KSLife;
			};
			name = Debug;
		};
		9EC692AD226DD8B200C40C01 /* Release */ = {
			isa = XCBuildConfiguration;
			buildSettings = {
				ALWAYS_EMBED_SWIFT_STANDARD_LIBRARIES = YES;
				CODE_SIGN_STYLE = Automatic;
				DEVELOPMENT_TEAM = TYRRVX7RWJ;
				INFOPLIST_FILE = KSLifeUITests/Info.plist;
				LD_RUNPATH_SEARCH_PATHS = (
					"$(inherited)",
					"@executable_path/Frameworks",
					"@loader_path/Frameworks",
				);
				PRODUCT_BUNDLE_IDENTIFIER = cn.edu.twt.KSLifeUITests;
				PRODUCT_NAME = "$(TARGET_NAME)";
				SWIFT_VERSION = 5.0;
				TARGETED_DEVICE_FAMILY = "1,2";
				TEST_TARGET_NAME = KSLife;
			};
			name = Release;
		};
/* End XCBuildConfiguration section */

/* Begin XCConfigurationList section */
		9EC69278226DD8B000C40C01 /* Build configuration list for PBXProject "KSLife" */ = {
			isa = XCConfigurationList;
			buildConfigurations = (
				9EC692A3226DD8B200C40C01 /* Debug */,
				9EC692A4226DD8B200C40C01 /* Release */,
			);
			defaultConfigurationIsVisible = 0;
			defaultConfigurationName = Release;
		};
		9EC692A5226DD8B200C40C01 /* Build configuration list for PBXNativeTarget "KSLife" */ = {
			isa = XCConfigurationList;
			buildConfigurations = (
				9EC692A6226DD8B200C40C01 /* Debug */,
				9EC692A7226DD8B200C40C01 /* Release */,
			);
			defaultConfigurationIsVisible = 0;
			defaultConfigurationName = Release;
		};
		9EC692A8226DD8B200C40C01 /* Build configuration list for PBXNativeTarget "KSLifeTests" */ = {
			isa = XCConfigurationList;
			buildConfigurations = (
				9EC692A9226DD8B200C40C01 /* Debug */,
				9EC692AA226DD8B200C40C01 /* Release */,
			);
			defaultConfigurationIsVisible = 0;
			defaultConfigurationName = Release;
		};
		9EC692AB226DD8B200C40C01 /* Build configuration list for PBXNativeTarget "KSLifeUITests" */ = {
			isa = XCConfigurationList;
			buildConfigurations = (
				9EC692AC226DD8B200C40C01 /* Debug */,
				9EC692AD226DD8B200C40C01 /* Release */,
			);
			defaultConfigurationIsVisible = 0;
			defaultConfigurationName = Release;
		};
/* End XCConfigurationList section */
	};
	rootObject = 9EC69275226DD8B000C40C01 /* Project object */;
}
